
Microsoft Visual Studio Solution File, Format Version 12.00
# Visual Studio Version 16
VisualStudioVersion = 16.0.32126.315
MinimumVisualStudioVersion = 10.0.40219.1
Project("{FAE04EC0-301F-11D3-BF4B-00C04F79EFBC}") = "Task", "Task.csproj", "{FF566DD0-45EB-453A-B7DA-74768E1728BC}"
EndProject
Global
	GlobalSection(SolutionConfigurationPlatforms) = preSolution
		Debug|Any CPU = Debug|Any CPU
		Release|Any CPU = Release|Any CPU
	EndGlobalSection
	GlobalSection(ProjectConfigurationPlatforms) = postSolution
		{FF566DD0-45EB-453A-B7DA-74768E1728BC}.Debug|Any CPU.ActiveCfg = Debug|Any CPU
		{FF566DD0-45EB-453A-B7DA-74768E1728BC}.Debug|Any CPU.Build.0 = Debug|Any CPU
		{FF566DD0-45EB-453A-B7DA-74768E1728BC}.Release|Any CPU.ActiveCfg = Release|Any CPU
		{FF566DD0-45EB-453A-B7DA-74768E1728BC}.Release|Any CPU.Build.0 = Release|Any CPU
	EndGlobalSection
	GlobalSection(SolutionProperties) = preSolution
		HideSolutionNode = FALSE
	EndGlobalSection
	GlobalSection(ExtensibilityGlobals) = postSolution
		SolutionGuid = {8020D870-1CE8-404D-BFFA-6F3B7D00445B}
	EndGlobalSection
EndGlobal
