
Microsoft Visual Studio Solution File, Format Version 12.00
# Visual Studio Version 17
VisualStudioVersion = 17.1.32328.378
MinimumVisualStudioVersion = 10.0.40219.1
Project("{9A19103F-16F7-4668-BE54-9A1E7A4F7556}") = "Habr.DataAccess", "Habr.DataAccess\Habr.DataAccess.csproj", "{23A36EE5-D369-46A0-B383-5A2E5C818D8E}"
EndProject
Project("{9A19103F-16F7-4668-BE54-9A1E7A4F7556}") = "Habr.Common", "Common\Habr.Common.csproj", "{C283640E-DC0F-4DE8-86C9-D065266FE98F}"
EndProject
Project("{9A19103F-16F7-4668-BE54-9A1E7A4F7556}") = "Habr.BusinessLogic", "Habr.BusinessLogic\Habr.BusinessLogic.csproj", "{AEE529AC-BD1D-4CB9-A464-D6C13800A0E4}"
EndProject
Project("{9A19103F-16F7-4668-BE54-9A1E7A4F7556}") = "Habr.WebAPI", "Habr.WebAPI\Habr.WebAPI.csproj", "{CFD27E95-9C25-4714-A820-80CFC63AE726}"
EndProject
Project("{FAE04EC0-301F-11D3-BF4B-00C04F79EFBC}") = "Habr.UnitTests", "Habr.UnitTests\Habr.UnitTests.csproj", "{87A02C83-30D7-451E-8362-BB3546553185}"
EndProject
Global
	GlobalSection(SolutionConfigurationPlatforms) = preSolution
		Debug|Any CPU = Debug|Any CPU
		Release|Any CPU = Release|Any CPU
	EndGlobalSection
	GlobalSection(ProjectConfigurationPlatforms) = postSolution
		{23A36EE5-D369-46A0-B383-5A2E5C818D8E}.Debug|Any CPU.ActiveCfg = Debug|Any CPU
		{23A36EE5-D369-46A0-B383-5A2E5C818D8E}.Debug|Any CPU.Build.0 = Debug|Any CPU
		{23A36EE5-D369-46A0-B383-5A2E5C818D8E}.Release|Any CPU.ActiveCfg = Release|Any CPU
		{23A36EE5-D369-46A0-B383-5A2E5C818D8E}.Release|Any CPU.Build.0 = Release|Any CPU
		{C283640E-DC0F-4DE8-86C9-D065266FE98F}.Debug|Any CPU.ActiveCfg = Debug|Any CPU
		{C283640E-DC0F-4DE8-86C9-D065266FE98F}.Debug|Any CPU.Build.0 = Debug|Any CPU
		{C283640E-DC0F-4DE8-86C9-D065266FE98F}.Release|Any CPU.ActiveCfg = Release|Any CPU
		{C283640E-DC0F-4DE8-86C9-D065266FE98F}.Release|Any CPU.Build.0 = Release|Any CPU
		{AEE529AC-BD1D-4CB9-A464-D6C13800A0E4}.Debug|Any CPU.ActiveCfg = Debug|Any CPU
		{AEE529AC-BD1D-4CB9-A464-D6C13800A0E4}.Debug|Any CPU.Build.0 = Debug|Any CPU
		{AEE529AC-BD1D-4CB9-A464-D6C13800A0E4}.Release|Any CPU.ActiveCfg = Release|Any CPU
		{AEE529AC-BD1D-4CB9-A464-D6C13800A0E4}.Release|Any CPU.Build.0 = Release|Any CPU
		{CFD27E95-9C25-4714-A820-80CFC63AE726}.Debug|Any CPU.ActiveCfg = Debug|Any CPU
		{CFD27E95-9C25-4714-A820-80CFC63AE726}.Debug|Any CPU.Build.0 = Debug|Any CPU
		{CFD27E95-9C25-4714-A820-80CFC63AE726}.Release|Any CPU.ActiveCfg = Release|Any CPU
		{CFD27E95-9C25-4714-A820-80CFC63AE726}.Release|Any CPU.Build.0 = Release|Any CPU
		{87A02C83-30D7-451E-8362-BB3546553185}.Debug|Any CPU.ActiveCfg = Debug|Any CPU
		{87A02C83-30D7-451E-8362-BB3546553185}.Debug|Any CPU.Build.0 = Debug|Any CPU
		{87A02C83-30D7-451E-8362-BB3546553185}.Release|Any CPU.ActiveCfg = Release|Any CPU
		{87A02C83-30D7-451E-8362-BB3546553185}.Release|Any CPU.Build.0 = Release|Any CPU
	EndGlobalSection
	GlobalSection(SolutionProperties) = preSolution
		HideSolutionNode = FALSE
	EndGlobalSection
	GlobalSection(ExtensibilityGlobals) = postSolution
		SolutionGuid = {1DF44F59-B111-4205-9116-3062ACBD6F21}
	EndGlobalSection
EndGlobal
